
Microsoft Visual Studio Solution File, Format Version 12.00
# Visual Studio Version 17
VisualStudioVersion = 17.0.31903.59
MinimumVisualStudioVersion = 10.0.40219.1
Project("{2150E333-8FDC-42A3-9474-1A3956D46DE8}") = "src", "src", "{05CE394B-0302-4B14-9615-C6B5CA21B18A}"
EndProject
Project("{FAE04EC0-301F-11D3-BF4B-00C04F79EFBC}") = "RaftLabs.ExternalUserService", "src\RaftLabs.ExternalUserService\RaftLabs.ExternalUserService.csproj", "{8D23FCFC-69FD-4684-9ADA-5BAA2319501B}"
EndProject
Project("{FAE04EC0-301F-11D3-BF4B-00C04F79EFBC}") = "RaftLabs.ConsoleApp", "src\RaftLabs.ConsoleApp\RaftLabs.ConsoleApp.csproj", "{D6401C23-2054-4BF0-B7FE-D01A6569A8C9}"
EndProject
Project("{2150E333-8FDC-42A3-9474-1A3956D46DE8}") = "tests", "tests", "{27D0768F-9018-442F-A689-FBA9564754D9}"
EndProject
Project("{FAE04EC0-301F-11D3-BF4B-00C04F79EFBC}") = "RaftLabs.ExternalUserService.Tests", "tests\RaftLabs.ExternalUserService.Tests\RaftLabs.ExternalUserService.Tests.csproj", "{08C797A2-4907-4977-B083-C46774BE632E}"
EndProject
Global
	GlobalSection(SolutionConfigurationPlatforms) = preSolution
		Debug|Any CPU = Debug|Any CPU
		Release|Any CPU = Release|Any CPU
	EndGlobalSection
	GlobalSection(SolutionProperties) = preSolution
		HideSolutionNode = FALSE
	EndGlobalSection
	GlobalSection(ProjectConfigurationPlatforms) = postSolution
		{8D23FCFC-69FD-4684-9ADA-5BAA2319501B}.Debug|Any CPU.ActiveCfg = Debug|Any CPU
		{8D23FCFC-69FD-4684-9ADA-5BAA2319501B}.Debug|Any CPU.Build.0 = Debug|Any CPU
		{8D23FCFC-69FD-4684-9ADA-5BAA2319501B}.Release|Any CPU.ActiveCfg = Release|Any CPU
		{8D23FCFC-69FD-4684-9ADA-5BAA2319501B}.Release|Any CPU.Build.0 = Release|Any CPU
		{D6401C23-2054-4BF0-B7FE-D01A6569A8C9}.Debug|Any CPU.ActiveCfg = Debug|Any CPU
		{D6401C23-2054-4BF0-B7FE-D01A6569A8C9}.Debug|Any CPU.Build.0 = Debug|Any CPU
		{D6401C23-2054-4BF0-B7FE-D01A6569A8C9}.Release|Any CPU.ActiveCfg = Release|Any CPU
		{D6401C23-2054-4BF0-B7FE-D01A6569A8C9}.Release|Any CPU.Build.0 = Release|Any CPU
		{08C797A2-4907-4977-B083-C46774BE632E}.Debug|Any CPU.ActiveCfg = Debug|Any CPU
		{08C797A2-4907-4977-B083-C46774BE632E}.Debug|Any CPU.Build.0 = Debug|Any CPU
		{08C797A2-4907-4977-B083-C46774BE632E}.Release|Any CPU.ActiveCfg = Release|Any CPU
		{08C797A2-4907-4977-B083-C46774BE632E}.Release|Any CPU.Build.0 = Release|Any CPU
	EndGlobalSection
	GlobalSection(NestedProjects) = preSolution
		{8D23FCFC-69FD-4684-9ADA-5BAA2319501B} = {05CE394B-0302-4B14-9615-C6B5CA21B18A}
		{D6401C23-2054-4BF0-B7FE-D01A6569A8C9} = {05CE394B-0302-4B14-9615-C6B5CA21B18A}
		{08C797A2-4907-4977-B083-C46774BE632E} = {27D0768F-9018-442F-A689-FBA9564754D9}
	EndGlobalSection
EndGlobal
